
Microsoft Visual Studio Solution File, Format Version 12.00
# Visual Studio Version 16
VisualStudioVersion = 16.0.31702.278
MinimumVisualStudioVersion = 10.0.40219.1
Project("{FAE04EC0-301F-11D3-BF4B-00C04F79EFBC}") = "SessionLanguageDotNetCore5", "SessionLanguageDotNetCore5\SessionLanguageDotNetCore5.csproj", "{84D4DEB6-9FE6-4DE5-9716-15AE1789F771}"
EndProject
Global
	GlobalSection(SolutionConfigurationPlatforms) = preSolution
		Debug|Any CPU = Debug|Any CPU
		Release|Any CPU = Release|Any CPU
	EndGlobalSection
	GlobalSection(ProjectConfigurationPlatforms) = postSolution
		{84D4DEB6-9FE6-4DE5-9716-15AE1789F771}.Debug|Any CPU.ActiveCfg = Debug|Any CPU
		{84D4DEB6-9FE6-4DE5-9716-15AE1789F771}.Debug|Any CPU.Build.0 = Debug|Any CPU
		{84D4DEB6-9FE6-4DE5-9716-15AE1789F771}.Release|Any CPU.ActiveCfg = Release|Any CPU
		{84D4DEB6-9FE6-4DE5-9716-15AE1789F771}.Release|Any CPU.Build.0 = Release|Any CPU
	EndGlobalSection
	GlobalSection(SolutionProperties) = preSolution
		HideSolutionNode = FALSE
	EndGlobalSection
	GlobalSection(ExtensibilityGlobals) = postSolution
		SolutionGuid = {0593C88F-C40B-4DFD-846F-C592C8945953}
	EndGlobalSection
EndGlobal
